
Microsoft Visual Studio Solution File, Format Version 12.00
# Visual Studio 15
VisualStudioVersion = 15.0.26823.1
MinimumVisualStudioVersion = 10.0.40219.1
Project("{FAE04EC0-301F-11D3-BF4B-00C04F79EFBC}") = "ArgumentValidation", "ArgumentValidation\ArgumentValidation.csproj", "{301ABB62-4902-4AA0-813D-2B1B57BBB6DB}"
EndProject
Project("{FAE04EC0-301F-11D3-BF4B-00C04F79EFBC}") = "ArgumentValidationTests", "ArgumentValidationTests\ArgumentValidationTests.csproj", "{FE412D35-EC0E-4468-B6AC-DAC737A7957C}"
EndProject
Global
	GlobalSection(SolutionConfigurationPlatforms) = preSolution
		Debug|Any CPU = Debug|Any CPU
		Release|Any CPU = Release|Any CPU
	EndGlobalSection
	GlobalSection(ProjectConfigurationPlatforms) = postSolution
		{301ABB62-4902-4AA0-813D-2B1B57BBB6DB}.Debug|Any CPU.ActiveCfg = Debug|Any CPU
		{301ABB62-4902-4AA0-813D-2B1B57BBB6DB}.Debug|Any CPU.Build.0 = Debug|Any CPU
		{301ABB62-4902-4AA0-813D-2B1B57BBB6DB}.Release|Any CPU.ActiveCfg = Release|Any CPU
		{301ABB62-4902-4AA0-813D-2B1B57BBB6DB}.Release|Any CPU.Build.0 = Release|Any CPU
		{FE412D35-EC0E-4468-B6AC-DAC737A7957C}.Debug|Any CPU.ActiveCfg = Debug|Any CPU
		{FE412D35-EC0E-4468-B6AC-DAC737A7957C}.Debug|Any CPU.Build.0 = Debug|Any CPU
		{FE412D35-EC0E-4468-B6AC-DAC737A7957C}.Release|Any CPU.ActiveCfg = Release|Any CPU
		{FE412D35-EC0E-4468-B6AC-DAC737A7957C}.Release|Any CPU.Build.0 = Release|Any CPU
	EndGlobalSection
	GlobalSection(SolutionProperties) = preSolution
		HideSolutionNode = FALSE
	EndGlobalSection
	GlobalSection(ExtensibilityGlobals) = postSolution
		SolutionGuid = {A5A2E4BF-E246-418C-BD60-361AC2E2F69B}
	EndGlobalSection
EndGlobal
